
Microsoft Visual Studio Solution File, Format Version 12.00
# Visual Studio Version 16
VisualStudioVersion = 16.0.29215.179
MinimumVisualStudioVersion = 15.0.26124.0
Project("{9A19103F-16F7-4668-BE54-9A1E7A4F7556}") = "PollyAPI", "PollyAPI\PollyAPI.csproj", "{BF0492AD-75CC-4621-96C1-D459A10E470D}"
EndProject
Project("{9A19103F-16F7-4668-BE54-9A1E7A4F7556}") = "PollyClient", "PollyClient\PollyClient.csproj", "{2523BD04-1E1A-4D43-8DA3-44F03C7E71C7}"
EndProject
Project("{2150E333-8FDC-42A3-9474-1A3956D46DE8}") = "Solution Items", "Solution Items", "{D4C0E33E-68CC-4571-AC73-E8459EADA105}"
	ProjectSection(SolutionItems) = preProject
		global.json = global.json
	EndProjectSection
EndProject
Global
	GlobalSection(SolutionConfigurationPlatforms) = preSolution
		Debug|Any CPU = Debug|Any CPU
		Debug|x64 = Debug|x64
		Debug|x86 = Debug|x86
		Release|Any CPU = Release|Any CPU
		Release|x64 = Release|x64
		Release|x86 = Release|x86
	EndGlobalSection
	GlobalSection(ProjectConfigurationPlatforms) = postSolution
		{BF0492AD-75CC-4621-96C1-D459A10E470D}.Debug|Any CPU.ActiveCfg = Debug|Any CPU
		{BF0492AD-75CC-4621-96C1-D459A10E470D}.Debug|Any CPU.Build.0 = Debug|Any CPU
		{BF0492AD-75CC-4621-96C1-D459A10E470D}.Debug|x64.ActiveCfg = Debug|Any CPU
		{BF0492AD-75CC-4621-96C1-D459A10E470D}.Debug|x64.Build.0 = Debug|Any CPU
		{BF0492AD-75CC-4621-96C1-D459A10E470D}.Debug|x86.ActiveCfg = Debug|Any CPU
		{BF0492AD-75CC-4621-96C1-D459A10E470D}.Debug|x86.Build.0 = Debug|Any CPU
		{BF0492AD-75CC-4621-96C1-D459A10E470D}.Release|Any CPU.ActiveCfg = Release|Any CPU
		{BF0492AD-75CC-4621-96C1-D459A10E470D}.Release|Any CPU.Build.0 = Release|Any CPU
		{BF0492AD-75CC-4621-96C1-D459A10E470D}.Release|x64.ActiveCfg = Release|Any CPU
		{BF0492AD-75CC-4621-96C1-D459A10E470D}.Release|x64.Build.0 = Release|Any CPU
		{BF0492AD-75CC-4621-96C1-D459A10E470D}.Release|x86.ActiveCfg = Release|Any CPU
		{BF0492AD-75CC-4621-96C1-D459A10E470D}.Release|x86.Build.0 = Release|Any CPU
		{2523BD04-1E1A-4D43-8DA3-44F03C7E71C7}.Debug|Any CPU.ActiveCfg = Debug|Any CPU
		{2523BD04-1E1A-4D43-8DA3-44F03C7E71C7}.Debug|Any CPU.Build.0 = Debug|Any CPU
		{2523BD04-1E1A-4D43-8DA3-44F03C7E71C7}.Debug|x64.ActiveCfg = Debug|Any CPU
		{2523BD04-1E1A-4D43-8DA3-44F03C7E71C7}.Debug|x64.Build.0 = Debug|Any CPU
		{2523BD04-1E1A-4D43-8DA3-44F03C7E71C7}.Debug|x86.ActiveCfg = Debug|Any CPU
		{2523BD04-1E1A-4D43-8DA3-44F03C7E71C7}.Debug|x86.Build.0 = Debug|Any CPU
		{2523BD04-1E1A-4D43-8DA3-44F03C7E71C7}.Release|Any CPU.ActiveCfg = Release|Any CPU
		{2523BD04-1E1A-4D43-8DA3-44F03C7E71C7}.Release|Any CPU.Build.0 = Release|Any CPU
		{2523BD04-1E1A-4D43-8DA3-44F03C7E71C7}.Release|x64.ActiveCfg = Release|Any CPU
		{2523BD04-1E1A-4D43-8DA3-44F03C7E71C7}.Release|x64.Build.0 = Release|Any CPU
		{2523BD04-1E1A-4D43-8DA3-44F03C7E71C7}.Release|x86.ActiveCfg = Release|Any CPU
		{2523BD04-1E1A-4D43-8DA3-44F03C7E71C7}.Release|x86.Build.0 = Release|Any CPU
	EndGlobalSection
	GlobalSection(SolutionProperties) = preSolution
		HideSolutionNode = FALSE
	EndGlobalSection
	GlobalSection(ExtensibilityGlobals) = postSolution
		SolutionGuid = {D5D045C3-21C7-4B46-A7B5-3F935EE17096}
	EndGlobalSection
EndGlobal
